
Microsoft Visual Studio Solution File, Format Version 12.00
# Visual Studio 15
VisualStudioVersion = 15.0.27701.1
MinimumVisualStudioVersion = 10.0.40219.1
Project("{9A19103F-16F7-4668-BE54-9A1E7A4F7556}") = "PanoramicData.LicenceMagic", "PanoramicData.LicenceMagic\PanoramicData.LicenceMagic.csproj", "{7F739A04-5976-4A36-9AEE-8745B89BE4AD}"
EndProject
Project("{9A19103F-16F7-4668-BE54-9A1E7A4F7556}") = "PanoramicData.LicenceMagic.Test", "PanoramicData.LicenceMagic.Test\PanoramicData.LicenceMagic.Test.csproj", "{115496D4-A106-4E1E-9745-D2FA2BBFAEED}"
	ProjectSection(ProjectDependencies) = postProject
		{7F739A04-5976-4A36-9AEE-8745B89BE4AD} = {7F739A04-5976-4A36-9AEE-8745B89BE4AD}
	EndProjectSection
EndProject
Project("{2150E333-8FDC-42A3-9474-1A3956D46DE8}") = "Solution Items", "Solution Items", "{1D4536CA-76A4-4ABE-AF77-835E89FF551E}"
	ProjectSection(SolutionItems) = preProject
		.editorconfig = .editorconfig
		.gitignore = .gitignore
	EndProjectSection
EndProject
Global
	GlobalSection(SolutionConfigurationPlatforms) = preSolution
		Debug|Any CPU = Debug|Any CPU
		Release|Any CPU = Release|Any CPU
	EndGlobalSection
	GlobalSection(ProjectConfigurationPlatforms) = postSolution
		{7F739A04-5976-4A36-9AEE-8745B89BE4AD}.Debug|Any CPU.ActiveCfg = Debug|Any CPU
		{7F739A04-5976-4A36-9AEE-8745B89BE4AD}.Debug|Any CPU.Build.0 = Debug|Any CPU
		{7F739A04-5976-4A36-9AEE-8745B89BE4AD}.Release|Any CPU.ActiveCfg = Release|Any CPU
		{7F739A04-5976-4A36-9AEE-8745B89BE4AD}.Release|Any CPU.Build.0 = Release|Any CPU
		{115496D4-A106-4E1E-9745-D2FA2BBFAEED}.Debug|Any CPU.ActiveCfg = Debug|Any CPU
		{115496D4-A106-4E1E-9745-D2FA2BBFAEED}.Debug|Any CPU.Build.0 = Debug|Any CPU
		{115496D4-A106-4E1E-9745-D2FA2BBFAEED}.Release|Any CPU.ActiveCfg = Release|Any CPU
		{115496D4-A106-4E1E-9745-D2FA2BBFAEED}.Release|Any CPU.Build.0 = Release|Any CPU
	EndGlobalSection
	GlobalSection(SolutionProperties) = preSolution
		HideSolutionNode = FALSE
	EndGlobalSection
	GlobalSection(ExtensibilityGlobals) = postSolution
		SolutionGuid = {B8656FB8-3DFC-4273-B0BF-B29EAAA69A06}
	EndGlobalSection
EndGlobal
